
Microsoft Visual Studio Solution File, Format Version 12.00
# Visual Studio 15
VisualStudioVersion = 15.0.28307.271
MinimumVisualStudioVersion = 10.0.40219.1
Project("{FAE04EC0-301F-11D3-BF4B-00C04F79EFBC}") = "CatanGuidebook.AngularClient", "CatanGuidebook.AngularClient\CatanGuidebook.AngularClient.csproj", "{A9A7795B-9EB3-4BA7-9700-CDB1BBD50726}"
EndProject
Global
	GlobalSection(SolutionConfigurationPlatforms) = preSolution
		Debug|Any CPU = Debug|Any CPU
		Release|Any CPU = Release|Any CPU
	EndGlobalSection
	GlobalSection(ProjectConfigurationPlatforms) = postSolution
		{A9A7795B-9EB3-4BA7-9700-CDB1BBD50726}.Debug|Any CPU.ActiveCfg = Debug|Any CPU
		{A9A7795B-9EB3-4BA7-9700-CDB1BBD50726}.Debug|Any CPU.Build.0 = Debug|Any CPU
		{A9A7795B-9EB3-4BA7-9700-CDB1BBD50726}.Release|Any CPU.ActiveCfg = Release|Any CPU
		{A9A7795B-9EB3-4BA7-9700-CDB1BBD50726}.Release|Any CPU.Build.0 = Release|Any CPU
	EndGlobalSection
	GlobalSection(SolutionProperties) = preSolution
		HideSolutionNode = FALSE
	EndGlobalSection
	GlobalSection(ExtensibilityGlobals) = postSolution
		SolutionGuid = {2AED482D-41C5-4AD1-B62D-E67341CDCA8C}
	EndGlobalSection
EndGlobal
